
Microsoft Visual Studio Solution File, Format Version 12.00
# Visual Studio 2015
Project("{FAE04EC0-301F-11D3-BF4B-00C04F79EFBC}") = "Jelenie i piraci - projekt.CSharp", "Jelenie i piraci - projekt.CSharp.csproj", "{7CDBB9E1-740F-570E-AD5C-234D7BC5FC13}"
EndProject
Global
	GlobalSection(SolutionConfigurationPlatforms) = preSolution
		Debug|Any CPU = Debug|Any CPU
		Release|Any CPU = Release|Any CPU
	EndGlobalSection
	GlobalSection(ProjectConfigurationPlatforms) = postSolution
		{7CDBB9E1-740F-570E-AD5C-234D7BC5FC13}.Debug|Any CPU.ActiveCfg = Debug|Any CPU
		{7CDBB9E1-740F-570E-AD5C-234D7BC5FC13}.Debug|Any CPU.Build.0 = Debug|Any CPU
		{7CDBB9E1-740F-570E-AD5C-234D7BC5FC13}.Release|Any CPU.ActiveCfg = Release|Any CPU
		{7CDBB9E1-740F-570E-AD5C-234D7BC5FC13}.Release|Any CPU.Build.0 = Release|Any CPU
	EndGlobalSection
	GlobalSection(SolutionProperties) = preSolution
		HideSolutionNode = FALSE
	EndGlobalSection
EndGlobal
